
Microsoft Visual Studio Solution File, Format Version 12.00
# Visual Studio Version 16
VisualStudioVersion = 16.0.31911.196
MinimumVisualStudioVersion = 10.0.40219.1
Project("{FAE04EC0-301F-11D3-BF4B-00C04F79EFBC}") = "AspnetCoreProject", "AspnetCoreProject\AspnetCoreProject.csproj", "{39642DA9-3BA1-4AFC-AB0C-07B610DF2E87}"
EndProject
Global
	GlobalSection(SolutionConfigurationPlatforms) = preSolution
		Debug|Any CPU = Debug|Any CPU
		Release|Any CPU = Release|Any CPU
	EndGlobalSection
	GlobalSection(ProjectConfigurationPlatforms) = postSolution
		{39642DA9-3BA1-4AFC-AB0C-07B610DF2E87}.Debug|Any CPU.ActiveCfg = Debug|Any CPU
		{39642DA9-3BA1-4AFC-AB0C-07B610DF2E87}.Debug|Any CPU.Build.0 = Debug|Any CPU
		{39642DA9-3BA1-4AFC-AB0C-07B610DF2E87}.Release|Any CPU.ActiveCfg = Release|Any CPU
		{39642DA9-3BA1-4AFC-AB0C-07B610DF2E87}.Release|Any CPU.Build.0 = Release|Any CPU
	EndGlobalSection
	GlobalSection(SolutionProperties) = preSolution
		HideSolutionNode = FALSE
	EndGlobalSection
	GlobalSection(ExtensibilityGlobals) = postSolution
		SolutionGuid = {17E8E8DA-2ECA-423F-BF4F-0671B9E564A3}
	EndGlobalSection
EndGlobal
